// !$*UTF8*$!
{
	archiveVersion = 1;
	classes = {
	};
	objectVersion = 46;
	objects = {

/* Begin PBXBuildFile section */
		4BB486011D8EC90A00C1E3FB /* AppDelegate.swift in Sources */ = {isa = PBXBuildFile; fileRef = 4BB486001D8EC90A00C1E3FB /* AppDelegate.swift */; };
		4BB486031D8EC90A00C1E3FB /* ViewController.swift in Sources */ = {isa = PBXBuildFile; fileRef = 4BB486021D8EC90A00C1E3FB /* ViewController.swift */; };
		4BB486061D8EC90A00C1E3FB /* Main.storyboard in Resources */ = {isa = PBXBuildFile; fileRef = 4BB486041D8EC90A00C1E3FB /* Main.storyboard */; };
		4BB486081D8EC90A00C1E3FB /* Assets.xcassets in Resources */ = {isa = PBXBuildFile; fileRef = 4BB486071D8EC90A00C1E3FB /* Assets.xcassets */; };
		4BB4860B1D8EC90A00C1E3FB /* LaunchScreen.storyboard in Resources */ = {isa = PBXBuildFile; fileRef = 4BB486091D8EC90A00C1E3FB /* LaunchScreen.storyboard */; };
		4BB486161D8EC90A00C1E3FB /* DesignPatternsTests.swift in Sources */ = {isa = PBXBuildFile; fileRef = 4BB486151D8EC90A00C1E3FB /* DesignPatternsTests.swift */; };
		4BB486211D8EC90A00C1E3FB /* DesignPatternsUITests.swift in Sources */ = {isa = PBXBuildFile; fileRef = 4BB486201D8EC90A00C1E3FB /* DesignPatternsUITests.swift */; };
/* End PBXBuildFile section */

/* Begin PBXContainerItemProxy section */
		4BB486121D8EC90A00C1E3FB /* PBXContainerItemProxy */ = {
			isa = PBXContainerItemProxy;
			containerPortal = 4BB485F51D8EC90900C1E3FB /* Project object */;
			proxyType = 1;
			remoteGlobalIDString = 4BB485FC1D8EC90900C1E3FB;
			remoteInfo = DesignPatterns;
		};
		4BB4861D1D8EC90A00C1E3FB /* PBXContainerItemProxy */ = {
			isa = PBXContainerItemProxy;
			containerPortal = 4BB485F51D8EC90900C1E3FB /* Project object */;
			proxyType = 1;
			remoteGlobalIDString = 4BB485FC1D8EC90900C1E3FB;
			remoteInfo = DesignPatterns;
		};
/* End PBXContainerItemProxy section */

/* Begin PBXFileReference section */
		4BB485FD1D8EC90900C1E3FB /* DesignPatterns.app */ = {isa = PBXFileReference; explicitFileType = wrapper.application; includeInIndex = 0; path = DesignPatterns.app; sourceTree = BUILT_PRODUCTS_DIR; };
		4BB486001D8EC90A00C1E3FB /* AppDelegate.swift */ = {isa = PBXFileReference; lastKnownFileType = sourcecode.swift; path = AppDelegate.swift; sourceTree = "<group>"; };
		4BB486021D8EC90A00C1E3FB /* ViewController.swift */ = {isa = PBXFileReference; lastKnownFileType = sourcecode.swift; path = ViewController.swift; sourceTree = "<group>"; };
		4BB486051D8EC90A00C1E3FB /* Base */ = {isa = PBXFileReference; lastKnownFileType = file.storyboard; name = Base; path = Base.lproj/Main.storyboard; sourceTree = "<group>"; };
		4BB486071D8EC90A00C1E3FB /* Assets.xcassets */ = {isa = PBXFileReference; lastKnownFileType = folder.assetcatalog; path = Assets.xcassets; sourceTree = "<group>"; };
		4BB4860A1D8EC90A00C1E3FB /* Base */ = {isa = PBXFileReference; lastKnownFileType = file.storyboard; name = Base; path = Base.lproj/LaunchScreen.storyboard; sourceTree = "<group>"; };
		4BB4860C1D8EC90A00C1E3FB /* Info.plist */ = {isa = PBXFileReference; lastKnownFileType = text.plist.xml; path = Info.plist; sourceTree = "<group>"; };
		4BB486111D8EC90A00C1E3FB /* DesignPatternsTests.xctest */ = {isa = PBXFileReference; explicitFileType = wrapper.cfbundle; includeInIndex = 0; path = DesignPatternsTests.xctest; sourceTree = BUILT_PRODUCTS_DIR; };
		4BB486151D8EC90A00C1E3FB /* DesignPatternsTests.swift */ = {isa = PBXFileReference; lastKnownFileType = sourcecode.swift; path = DesignPatternsTests.swift; sourceTree = "<group>"; };
		4BB486171D8EC90A00C1E3FB /* Info.plist */ = {isa = PBXFileReference; lastKnownFileType = text.plist.xml; path = Info.plist; sourceTree = "<group>"; };
		4BB4861C1D8EC90A00C1E3FB /* DesignPatternsUITests.xctest */ = {isa = PBXFileReference; explicitFileType = wrapper.cfbundle; includeInIndex = 0; path = DesignPatternsUITests.xctest; sourceTree = BUILT_PRODUCTS_DIR; };
		4BB486201D8EC90A00C1E3FB /* DesignPatternsUITests.swift */ = {isa = PBXFileReference; lastKnownFileType = sourcecode.swift; path = DesignPatternsUITests.swift; sourceTree = "<group>"; };
		4BB486221D8EC90A00C1E3FB /* Info.plist */ = {isa = PBXFileReference; lastKnownFileType = text.plist.xml; path = Info.plist; sourceTree = "<group>"; };
/* End PBXFileReference section */

/* Begin PBXFrameworksBuildPhase section */
		4BB485FA1D8EC90900C1E3FB /* Frameworks */ = {
			isa = PBXFrameworksBuildPhase;
			buildActionMask = 2147483647;
			files = (
			);
			runOnlyForDeploymentPostprocessing = 0;
		};
		4BB4860E1D8EC90A00C1E3FB /* Frameworks */ = {
			isa = PBXFrameworksBuildPhase;
			buildActionMask = 2147483647;
			files = (
			);
			runOnlyForDeploymentPostprocessing = 0;
		};
		4BB486191D8EC90A00C1E3FB /* Frameworks */ = {
			isa = PBXFrameworksBuildPhase;
			buildActionMask = 2147483647;
			files = (
			);
			runOnlyForDeploymentPostprocessing = 0;
		};
/* End PBXFrameworksBuildPhase section */

/* Begin PBXGroup section */
		4BB485F41D8EC90900C1E3FB = {
			isa = PBXGroup;
			children = (
				4BB485FF1D8EC90A00C1E3FB /* DesignPatterns */,
				4BB486141D8EC90A00C1E3FB /* DesignPatternsTests */,
				4BB4861F1D8EC90A00C1E3FB /* DesignPatternsUITests */,
				4BB485FE1D8EC90900C1E3FB /* Products */,
			);
			sourceTree = "<group>";
		};
		4BB485FE1D8EC90900C1E3FB /* Products */ = {
			isa = PBXGroup;
			children = (
				4BB485FD1D8EC90900C1E3FB /* DesignPatterns.app */,
				4BB486111D8EC90A00C1E3FB /* DesignPatternsTests.xctest */,
				4BB4861C1D8EC90A00C1E3FB /* DesignPatternsUITests.xctest */,
			);
			name = Products;
			sourceTree = "<group>";
		};
		4BB485FF1D8EC90A00C1E3FB /* DesignPatterns */ = {
			isa = PBXGroup;
			children = (
				4BB486001D8EC90A00C1E3FB /* AppDelegate.swift */,
				4BB486021D8EC90A00C1E3FB /* ViewController.swift */,
				4BB486041D8EC90A00C1E3FB /* Main.storyboard */,
				4BB486071D8EC90A00C1E3FB /* Assets.xcassets */,
				4BB486091D8EC90A00C1E3FB /* LaunchScreen.storyboard */,
				4BB4860C1D8EC90A00C1E3FB /* Info.plist */,
			);
			path = DesignPatterns;
			sourceTree = "<group>";
		};
		4BB486141D8EC90A00C1E3FB /* DesignPatternsTests */ = {
			isa = PBXGroup;
			children = (
				4BB486151D8EC90A00C1E3FB /* DesignPatternsTests.swift */,
				4BB486171D8EC90A00C1E3FB /* Info.plist */,
			);
			path = DesignPatternsTests;
			sourceTree = "<group>";
		};
		4BB4861F1D8EC90A00C1E3FB /* DesignPatternsUITests */ = {
			isa = PBXGroup;
			children = (
				4BB486201D8EC90A00C1E3FB /* DesignPatternsUITests.swift */,
				4BB486221D8EC90A00C1E3FB /* Info.plist */,
			);
			path = DesignPatternsUITests;
			sourceTree = "<group>";
		};
/* End PBXGroup section */

/* Begin PBXNativeTarget section */
		4BB485FC1D8EC90900C1E3FB /* DesignPatterns */ = {
			isa = PBXNativeTarget;
			buildConfigurationList = 4BB486251D8EC90A00C1E3FB /* Build configuration list for PBXNativeTarget "DesignPatterns" */;
			buildPhases = (
				4BB485F91D8EC90900C1E3FB /* Sources */,
				4BB485FA1D8EC90900C1E3FB /* Frameworks */,
				4BB485FB1D8EC90900C1E3FB /* Resources */,
			);
			buildRules = (
			);
			dependencies = (
			);
			name = DesignPatterns;
			productName = DesignPatterns;
			productReference = 4BB485FD1D8EC90900C1E3FB /* DesignPatterns.app */;
			productType = "com.apple.product-type.application";
		};
		4BB486101D8EC90A00C1E3FB /* DesignPatternsTests */ = {
			isa = PBXNativeTarget;
			buildConfigurationList = 4BB486281D8EC90A00C1E3FB /* Build configuration list for PBXNativeTarget "DesignPatternsTests" */;
			buildPhases = (
				4BB4860D1D8EC90A00C1E3FB /* Sources */,
				4BB4860E1D8EC90A00C1E3FB /* Frameworks */,
				4BB4860F1D8EC90A00C1E3FB /* Resources */,
			);
			buildRules = (
			);
			dependencies = (
				4BB486131D8EC90A00C1E3FB /* PBXTargetDependency */,
			);
			name = DesignPatternsTests;
			productName = DesignPatternsTests;
			productReference = 4BB486111D8EC90A00C1E3FB /* DesignPatternsTests.xctest */;
			productType = "com.apple.product-type.bundle.unit-test";
		};
		4BB4861B1D8EC90A00C1E3FB /* DesignPatternsUITests */ = {
			isa = PBXNativeTarget;
			buildConfigurationList = 4BB4862B1D8EC90A00C1E3FB /* Build configuration list for PBXNativeTarget "DesignPatternsUITests" */;
			buildPhases = (
				4BB486181D8EC90A00C1E3FB /* Sources */,
				4BB486191D8EC90A00C1E3FB /* Frameworks */,
				4BB4861A1D8EC90A00C1E3FB /* Resources */,
			);
			buildRules = (
			);
			dependencies = (
				4BB4861E1D8EC90A00C1E3FB /* PBXTargetDependency */,
			);
			name = DesignPatternsUITests;
			productName = DesignPatternsUITests;
			productReference = 4BB4861C1D8EC90A00C1E3FB /* DesignPatternsUITests.xctest */;
			productType = "com.apple.product-type.bundle.ui-testing";
		};
/* End PBXNativeTarget section */

/* Begin PBXProject section */
		4BB485F51D8EC90900C1E3FB /* Project object */ = {
			isa = PBXProject;
			attributes = {
				LastSwiftUpdateCheck = 0730;
				LastUpgradeCheck = 0730;
				ORGANIZATIONNAME = "Town Tree";
				TargetAttributes = {
					4BB485FC1D8EC90900C1E3FB = {
						CreatedOnToolsVersion = 7.3.1;
					};
					4BB486101D8EC90A00C1E3FB = {
						CreatedOnToolsVersion = 7.3.1;
						TestTargetID = 4BB485FC1D8EC90900C1E3FB;
					};
					4BB4861B1D8EC90A00C1E3FB = {
						CreatedOnToolsVersion = 7.3.1;
						TestTargetID = 4BB485FC1D8EC90900C1E3FB;
					};
				};
			};
			buildConfigurationList = 4BB485F81D8EC90900C1E3FB /* Build configuration list for PBXProject "DesignPatterns" */;
			compatibilityVersion = "Xcode 3.2";
			developmentRegion = English;
			hasScannedForEncodings = 0;
			knownRegions = (
				en,
				Base,
			);
			mainGroup = 4BB485F41D8EC90900C1E3FB;
			productRefGroup = 4BB485FE1D8EC90900C1E3FB /* Products */;
			projectDirPath = "";
			projectRoot = "";
			targets = (
				4BB485FC1D8EC90900C1E3FB /* DesignPatterns */,
				4BB486101D8EC90A00C1E3FB /* DesignPatternsTests */,
				4BB4861B1D8EC90A00C1E3FB /* DesignPatternsUITests */,
			);
		};
/* End PBXProject section */

/* Begin PBXResourcesBuildPhase section */
		4BB485FB1D8EC90900C1E3FB /* Resources */ = {
			isa = PBXResourcesBuildPhase;
			buildActionMask = 2147483647;
			files = (
				4BB4860B1D8EC90A00C1E3FB /* LaunchScreen.storyboard in Resources */,
				4BB486081D8EC90A00C1E3FB /* Assets.xcassets in Resources */,
				4BB486061D8EC90A00C1E3FB /* Main.storyboard in Resources */,
			);
			runOnlyForDeploymentPostprocessing = 0;
		};
		4BB4860F1D8EC90A00C1E3FB /* Resources */ = {
			isa = PBXResourcesBuildPhase;
			buildActionMask = 2147483647;
			files = (
			);
			runOnlyForDeploymentPostprocessing = 0;
		};
		4BB4861A1D8EC90A00C1E3FB /* Resources */ = {
			isa = PBXResourcesBuildPhase;
			buildActionMask = 2147483647;
			files = (
			);
			runOnlyForDeploymentPostprocessing = 0;
		};
/* End PBXResourcesBuildPhase section */

/* Begin PBXSourcesBuildPhase section */
		4BB485F91D8EC90900C1E3FB /* Sources */ = {
			isa = PBXSourcesBuildPhase;
			buildActionMask = 2147483647;
			files = (
				4BB486031D8EC90A00C1E3FB /* ViewController.swift in Sources */,
				4BB486011D8EC90A00C1E3FB /* AppDelegate.swift in Sources */,
			);
			runOnlyForDeploymentPostprocessing = 0;
		};
		4BB4860D1D8EC90A00C1E3FB /* Sources */ = {
			isa = PBXSourcesBuildPhase;
			buildActionMask = 2147483647;
			files = (
				4BB486161D8EC90A00C1E3FB /* DesignPatternsTests.swift in Sources */,
			);
			runOnlyForDeploymentPostprocessing = 0;
		};
		4BB486181D8EC90A00C1E3FB /* Sources */ = {
			isa = PBXSourcesBuildPhase;
			buildActionMask = 2147483647;
			files = (
				4BB486211D8EC90A00C1E3FB /* DesignPatternsUITests.swift in Sources */,
			);
			runOnlyForDeploymentPostprocessing = 0;
		};
/* End PBXSourcesBuildPhase section */

/* Begin PBXTargetDependency section */
		4BB486131D8EC90A00C1E3FB /* PBXTargetDependency */ = {
			isa = PBXTargetDependency;
			target = 4BB485FC1D8EC90900C1E3FB /* DesignPatterns */;
			targetProxy = 4BB486121D8EC90A00C1E3FB /* PBXContainerItemProxy */;
		};
		4BB4861E1D8EC90A00C1E3FB /* PBXTargetDependency */ = {
			isa = PBXTargetDependency;
			target = 4BB485FC1D8EC90900C1E3FB /* DesignPatterns */;
			targetProxy = 4BB4861D1D8EC90A00C1E3FB /* PBXContainerItemProxy */;
		};
/* End PBXTargetDependency section */

/* Begin PBXVariantGroup section */
		4BB486041D8EC90A00C1E3FB /* Main.storyboard */ = {
			isa = PBXVariantGroup;
			children = (
				4BB486051D8EC90A00C1E3FB /* Base */,
			);
			name = Main.storyboard;
			sourceTree = "<group>";
		};
		4BB486091D8EC90A00C1E3FB /* LaunchScreen.storyboard */ = {
			isa = PBXVariantGroup;
			children = (
				4BB4860A1D8EC90A00C1E3FB /* Base */,
			);
			name = LaunchScreen.storyboard;
			sourceTree = "<group>";
		};
/* End PBXVariantGroup section */

/* Begin XCBuildConfiguration section */
		4BB486231D8EC90A00C1E3FB /* Debug */ = {
			isa = XCBuildConfiguration;
			buildSettings = {
				ALWAYS_SEARCH_USER_PATHS = NO;
				CLANG_ANALYZER_NONNULL = YES;
				CLANG_CXX_LANGUAGE_STANDARD = "gnu++0x";
				CLANG_CXX_LIBRARY = "libc++";
				CLANG_ENABLE_MODULES = YES;
				CLANG_ENABLE_OBJC_ARC = YES;
				CLANG_WARN_BOOL_CONVERSION = YES;
				CLANG_WARN_CONSTANT_CONVERSION = YES;
				CLANG_WARN_DIRECT_OBJC_ISA_USAGE = YES_ERROR;
				CLANG_WARN_EMPTY_BODY = YES;
				CLANG_WARN_ENUM_CONVERSION = YES;
				CLANG_WARN_INT_CONVERSION = YES;
				CLANG_WARN_OBJC_ROOT_CLASS = YES_ERROR;
				CLANG_WARN_UNREACHABLE_CODE = YES;
				CLANG_WARN__DUPLICATE_METHOD_MATCH = YES;
				"CODE_SIGN_IDENTITY[sdk=iphoneos*]" = "iPhone Developer";
				COPY_PHASE_STRIP = NO;
				DEBUG_INFORMATION_FORMAT = dwarf;
				ENABLE_STRICT_OBJC_MSGSEND = YES;
				ENABLE_TESTABILITY = YES;
				GCC_C_LANGUAGE_STANDARD = gnu99;
				GCC_DYNAMIC_NO_PIC = NO;
				GCC_NO_COMMON_BLOCKS = YES;
				GCC_OPTIMIZATION_LEVEL = 0;
				GCC_PREPROCESSOR_DEFINITIONS = (
					"DEBUG=1",
					"$(inherited)",
				);
				GCC_WARN_64_TO_32_BIT_CONVERSION = YES;
				GCC_WARN_ABOUT_RETURN_TYPE = YES_ERROR;
				GCC_WARN_UNDECLARED_SELECTOR = YES;
				GCC_WARN_UNINITIALIZED_AUTOS = YES_AGGRESSIVE;
				GCC_WARN_UNUSED_FUNCTION = YES;
				GCC_WARN_UNUSED_VARIABLE = YES;
				IPHONEOS_DEPLOYMENT_TARGET = 9.3;
				MTL_ENABLE_DEBUG_INFO = YES;
				ONLY_ACTIVE_ARCH = YES;
				SDKROOT = iphoneos;
				SWIFT_OPTIMIZATION_LEVEL = "-Onone";
			};
			name = Debug;
		};
		4BB486241D8EC90A00C1E3FB /* Release */ = {
			isa = XCBuildConfiguration;
			buildSettings = {
				ALWAYS_SEARCH_USER_PATHS = NO;
				CLANG_ANALYZER_NONNULL = YES;
				CLANG_CXX_LANGUAGE_STANDARD = "gnu++0x";
				CLANG_CXX_LIBRARY = "libc++";
				CLANG_ENABLE_MODULES = YES;
				CLANG_ENABLE_OBJC_ARC = YES;
				CLANG_WARN_BOOL_CONVERSION = YES;
				CLANG_WARN_CONSTANT_CONVERSION = YES;
				CLANG_WARN_DIRECT_OBJC_ISA_USAGE = YES_ERROR;
				CLANG_WARN_EMPTY_BODY = YES;
				CLANG_WARN_ENUM_CONVERSION = YES;
				CLANG_WARN_INT_CONVERSION = YES;
				CLANG_WARN_OBJC_ROOT_CLASS = YES_ERROR;
				CLANG_WARN_UNREACHABLE_CODE = YES;
				CLANG_WARN__DUPLICATE_METHOD_MATCH = YES;
				"CODE_SIGN_IDENTITY[sdk=iphoneos*]" = "iPhone Developer";
				COPY_PHASE_STRIP = NO;
				DEBUG_INFORMATION_FORMAT = "dwarf-with-dsym";
				ENABLE_NS_ASSERTIONS = NO;
				ENABLE_STRICT_OBJC_MSGSEND = YES;
				GCC_C_LANGUAGE_STANDARD = gnu99;
				GCC_NO_COMMON_BLOCKS = YES;
				GCC_WARN_64_TO_32_BIT_CONVERSION = YES;
				GCC_WARN_ABOUT_RETURN_TYPE = YES_ERROR;
				GCC_WARN_UNDECLARED_SELECTOR = YES;
				GCC_WARN_UNINITIALIZED_AUTOS = YES_AGGRESSIVE;
				GCC_WARN_UNUSED_FUNCTION = YES;
				GCC_WARN_UNUSED_VARIABLE = YES;
				IPHONEOS_DEPLOYMENT_TARGET = 9.3;
				MTL_ENABLE_DEBUG_INFO = NO;
				SDKROOT = iphoneos;
				VALIDATE_PRODUCT = YES;
			};
			name = Release;
		};
		4BB486261D8EC90A00C1E3FB /* Debug */ = {
			isa = XCBuildConfiguration;
			buildSettings = {
				ASSETCATALOG_COMPILER_APPICON_NAME = AppIcon;
				INFOPLIST_FILE = DesignPatterns/Info.plist;
				LD_RUNPATH_SEARCH_PATHS = "$(inherited) @executable_path/Frameworks";
				PRODUCT_BUNDLE_IDENTIFIER = com.towntree.DesignPatterns;
				PRODUCT_NAME = "$(TARGET_NAME)";
			};
			name = Debug;
		};
		4BB486271D8EC90A00C1E3FB /* Release */ = {
			isa = XCBuildConfiguration;
			buildSettings = {
				ASSETCATALOG_COMPILER_APPICON_NAME = AppIcon;
				INFOPLIST_FILE = DesignPatterns/Info.plist;
				LD_RUNPATH_SEARCH_PATHS = "$(inherited) @executable_path/Frameworks";
				PRODUCT_BUNDLE_IDENTIFIER = com.towntree.DesignPatterns;
				PRODUCT_NAME = "$(TARGET_NAME)";
			};
			name = Release;
		};
		4BB486291D8EC90A00C1E3FB /* Debug */ = {
			isa = XCBuildConfiguration;
			buildSettings = {
				BUNDLE_LOADER = "$(TEST_HOST)";
				INFOPLIST_FILE = DesignPatternsTests/Info.plist;
				LD_RUNPATH_SEARCH_PATHS = "$(inherited) @executable_path/Frameworks @loader_path/Frameworks";
				PRODUCT_BUNDLE_IDENTIFIER = com.towntree.DesignPatternsTests;
				PRODUCT_NAME = "$(TARGET_NAME)";
				TEST_HOST = "$(BUILT_PRODUCTS_DIR)/DesignPatterns.app/DesignPatterns";
			};
			name = Debug;
		};
		4BB4862A1D8EC90A00C1E3FB /* Release */ = {
			isa = XCBuildConfiguration;
			buildSettings = {
				BUNDLE_LOADER = "$(TEST_HOST)";
				INFOPLIST_FILE = DesignPatternsTests/Info.plist;
				LD_RUNPATH_SEARCH_PATHS = "$(inherited) @executable_path/Frameworks @loader_path/Frameworks";
				PRODUCT_BUNDLE_IDENTIFIER = com.towntree.DesignPatternsTests;
				PRODUCT_NAME = "$(TARGET_NAME)";
				TEST_HOST = "$(BUILT_PRODUCTS_DIR)/DesignPatterns.app/DesignPatterns";
			};
			name = Release;
		};
		4BB4862C1D8EC90A00C1E3FB /* Debug */ = {
			isa = XCBuildConfiguration;
			buildSettings = {
				INFOPLIST_FILE = DesignPatternsUITests/Info.plist;
				LD_RUNPATH_SEARCH_PATHS = "$(inherited) @executable_path/Frameworks @loader_path/Frameworks";
				PRODUCT_BUNDLE_IDENTIFIER = com.towntree.DesignPatternsUITests;
				PRODUCT_NAME = "$(TARGET_NAME)";
				TEST_TARGET_NAME = DesignPatterns;
			};
			name = Debug;
		};
		4BB4862D1D8EC90A00C1E3FB /* Release */ = {
			isa = XCBuildConfiguration;
			buildSettings = {
				INFOPLIST_FILE = DesignPatternsUITests/Info.plist;
				LD_RUNPATH_SEARCH_PATHS = "$(inherited) @executable_path/Frameworks @loader_path/Frameworks";
				PRODUCT_BUNDLE_IDENTIFIER = com.towntree.DesignPatternsUITests;
				PRODUCT_NAME = "$(TARGET_NAME)";
				TEST_TARGET_NAME = DesignPatterns;
			};
			name = Release;
		};
/* End XCBuildConfiguration section */

/* Begin XCConfigurationList section */
		4BB485F81D8EC90900C1E3FB /* Build configuration list for PBXProject "DesignPatterns" */ = {
			isa = XCConfigurationList;
			buildConfigurations = (
				4BB486231D8EC90A00C1E3FB /* Debug */,
				4BB486241D8EC90A00C1E3FB /* Release */,
			);
			defaultConfigurationIsVisible = 0;
			defaultConfigurationName = Release;
		};
		4BB486251D8EC90A00C1E3FB /* Build configuration list for PBXNativeTarget "DesignPatterns" */ = {
			isa = XCConfigurationList;
			buildConfigurations = (
				4BB486261D8EC90A00C1E3FB /* Debug */,
				4BB486271D8EC90A00C1E3FB /* Release */,
			);
			defaultConfigurationIsVisible = 0;
		};
		4BB486281D8EC90A00C1E3FB /* Build configuration list for PBXNativeTarget "DesignPatternsTests" */ = {
			isa = XCConfigurationList;
			buildConfigurations = (
				4BB486291D8EC90A00C1E3FB /* Debug */,
				4BB4862A1D8EC90A00C1E3FB /* Release */,
			);
			defaultConfigurationIsVisible = 0;
		};
		4BB4862B1D8EC90A00C1E3FB /* Build configuration list for PBXNativeTarget "DesignPatternsUITests" */ = {
			isa = XCConfigurationList;
			buildConfigurations = (
				4BB4862C1D8EC90A00C1E3FB /* Debug */,
				4BB4862D1D8EC90A00C1E3FB /* Release */,
			);
			defaultConfigurationIsVisible = 0;
		};
/* End XCConfigurationList section */
	};
	rootObject = 4BB485F51D8EC90900C1E3FB /* Project object */;
}
